# @generated by Move, please check-in and do not edit manually.

[move]
version = 3
manifest_digest = "A06BA1212C52744C6841AE1D102003193D0E58F15C7EA7CD89FD221F1AE4D8D2"
deps_digest = "F8BBB0CCB2491CA29A3DF03D6F92277A4F3574266507ACD77214D37ECA3F3082"
dependencies = [
  { id = "Iota", name = "Iota" },
]

[[move.package]]
id = "Iota"
source = { git = "https://github.com/iotaledger/iota.git", rev = "framework/testnet", subdir = "crates/iota-framework/packages/iota-framework" }

dependencies = [
  { id = "MoveStdlib", name = "MoveStdlib" },
]

[[move.package]]
id = "MoveStdlib"
source = { git = "https://github.com/iotaledger/iota.git", rev = "framework/testnet", subdir = "crates/iota-framework/packages/move-stdlib" }

[move.toolchain-version]
compiler-version = "1.18.1-rc"
edition = "2024.beta"
flavor = "iota"

[env]

[env.testnet]
chain-id = "2304aa97"
original-published-id = "0x08cf4ceb149214c06298b28bd7c41f65353fa238e5536205c8a7739be575c611"
latest-published-id = "0x08cf4ceb149214c06298b28bd7c41f65353fa238e5536205c8a7739be575c611"
published-version = "1"
