# @generated by Move, please check-in and do not edit manually.

[move]
version = 3
manifest_digest = "362CA29C240E6977107C29F97B4A048D29B23A1E1D7B694F5EDDA59E95FE82DB"
deps_digest = "F8BBB0CCB2491CA29A3DF03D6F92277A4F3574266507ACD77214D37ECA3F3082"
dependencies = [
  { id = "Iota", name = "Iota" },
]

[[move.package]]
id = "Iota"
source = { git = "https://github.com/iotaledger/iota.git", rev = "framework/testnet", subdir = "crates/iota-framework/packages/iota-framework" }

dependencies = [
  { id = "MoveStdlib", name = "MoveStdlib" },
]

[[move.package]]
id = "MoveStdlib"
source = { git = "https://github.com/iotaledger/iota.git", rev = "framework/testnet", subdir = "crates/iota-framework/packages/move-stdlib" }

[move.toolchain-version]
compiler-version = "1.18.1-rc"
edition = "2024.beta"
flavor = "iota"

[env]

[env.local]
chain-id = "f01ee7b9"
original-published-id = "0x7b6022ac2667d6848379f331e91b97c141d170f49595bf3c07fb7ef8594aa762"
latest-published-id = "0x7b6022ac2667d6848379f331e91b97c141d170f49595bf3c07fb7ef8594aa762"
published-version = "1"

[env.localnet]
chain-id = "83aabf32"
original-published-id = "0x3f9f1c9bd96dc5dffef328270f33adc87778efecf82713592089020892d1bff2"
latest-published-id = "0x3f9f1c9bd96dc5dffef328270f33adc87778efecf82713592089020892d1bff2"
published-version = "1"

[env.testnet]
chain-id = "2304aa97"
original-published-id = "0x56d0d4f061bec557963c465d039b302129efa65bd90dc07cbc84e28f46c52afb"
latest-published-id = "0x56d0d4f061bec557963c465d039b302129efa65bd90dc07cbc84e28f46c52afb"
published-version = "1"
